
Microsoft Visual Studio Solution File, Format Version 12.00
# Visual Studio Version 16
VisualStudioVersion = 16.0.29025.244
MinimumVisualStudioVersion = 10.0.40219.1
Project("{FAE04EC0-301F-11D3-BF4B-00C04F79EFBC}") = "wifi scans parcer", "wifi scans parcer\wifi scans parcer.csproj", "{BB11CC3E-5048-443F-B6DE-C2A2ED84500C}"
EndProject
Global
	GlobalSection(SolutionConfigurationPlatforms) = preSolution
		Debug|Any CPU = Debug|Any CPU
		Release|Any CPU = Release|Any CPU
	EndGlobalSection
	GlobalSection(ProjectConfigurationPlatforms) = postSolution
		{BB11CC3E-5048-443F-B6DE-C2A2ED84500C}.Debug|Any CPU.ActiveCfg = Debug|Any CPU
		{BB11CC3E-5048-443F-B6DE-C2A2ED84500C}.Debug|Any CPU.Build.0 = Debug|Any CPU
		{BB11CC3E-5048-443F-B6DE-C2A2ED84500C}.Release|Any CPU.ActiveCfg = Release|Any CPU
		{BB11CC3E-5048-443F-B6DE-C2A2ED84500C}.Release|Any CPU.Build.0 = Release|Any CPU
	EndGlobalSection
	GlobalSection(SolutionProperties) = preSolution
		HideSolutionNode = FALSE
	EndGlobalSection
	GlobalSection(ExtensibilityGlobals) = postSolution
		SolutionGuid = {162802BC-5DD2-4FEB-BEFE-4B062246396E}
	EndGlobalSection
EndGlobal
